
Microsoft Visual Studio Solution File, Format Version 12.00
# Visual Studio Version 16
VisualStudioVersion = 16.0.30011.22
MinimumVisualStudioVersion = 10.0.40219.1
Project("{FAE04EC0-301F-11D3-BF4B-00C04F79EFBC}") = "DogMedicationTracker", "DogMedicationTracker.csproj", "{CC193C58-6470-417F-AC18-B94DEFF9CA9B}"
EndProject
Global
	GlobalSection(SolutionConfigurationPlatforms) = preSolution
		Debug|Any CPU = Debug|Any CPU
		Release|Any CPU = Release|Any CPU
	EndGlobalSection
	GlobalSection(ProjectConfigurationPlatforms) = postSolution
		{CC193C58-6470-417F-AC18-B94DEFF9CA9B}.Debug|Any CPU.ActiveCfg = Debug|Any CPU
		{CC193C58-6470-417F-AC18-B94DEFF9CA9B}.Debug|Any CPU.Build.0 = Debug|Any CPU
		{CC193C58-6470-417F-AC18-B94DEFF9CA9B}.Release|Any CPU.ActiveCfg = Release|Any CPU
		{CC193C58-6470-417F-AC18-B94DEFF9CA9B}.Release|Any CPU.Build.0 = Release|Any CPU
	EndGlobalSection
	GlobalSection(SolutionProperties) = preSolution
		HideSolutionNode = FALSE
	EndGlobalSection
	GlobalSection(ExtensibilityGlobals) = postSolution
		SolutionGuid = {C06FFD6D-F877-4926-B7E0-2B5CEEBC8766}
	EndGlobalSection
EndGlobal
